
Microsoft Visual Studio Solution File, Format Version 11.00
# Visual Studio 2010
Project("{FAE04EC0-301F-11D3-BF4B-00C04F79EFBC}") = "Assembly-CSharp", "Assembly-CSharp.csproj", "{F536D4E2-7E6F-BB40-F6EB-7C64A65B74DF}"
EndProject
Project("{FAE04EC0-301F-11D3-BF4B-00C04F79EFBC}") = "Assembly-CSharp-Editor", "Assembly-CSharp-Editor.csproj", "{DEA22067-29CC-D3F1-7B41-415556C8CB51}"
EndProject
Global
	GlobalSection(SolutionConfigurationPlatforms) = preSolution
		Debug|Any CPU = Debug|Any CPU
		Release|Any CPU = Release|Any CPU
	EndGlobalSection
	GlobalSection(ProjectConfigurationPlatforms) = postSolution
		{F536D4E2-7E6F-BB40-F6EB-7C64A65B74DF}.Debug|Any CPU.ActiveCfg = Debug|Any CPU
		{F536D4E2-7E6F-BB40-F6EB-7C64A65B74DF}.Debug|Any CPU.Build.0 = Debug|Any CPU
		{F536D4E2-7E6F-BB40-F6EB-7C64A65B74DF}.Release|Any CPU.ActiveCfg = Release|Any CPU
		{F536D4E2-7E6F-BB40-F6EB-7C64A65B74DF}.Release|Any CPU.Build.0 = Release|Any CPU
		{DEA22067-29CC-D3F1-7B41-415556C8CB51}.Debug|Any CPU.ActiveCfg = Debug|Any CPU
		{DEA22067-29CC-D3F1-7B41-415556C8CB51}.Debug|Any CPU.Build.0 = Debug|Any CPU
		{DEA22067-29CC-D3F1-7B41-415556C8CB51}.Release|Any CPU.ActiveCfg = Release|Any CPU
		{DEA22067-29CC-D3F1-7B41-415556C8CB51}.Release|Any CPU.Build.0 = Release|Any CPU
	EndGlobalSection
	GlobalSection(SolutionProperties) = preSolution
		HideSolutionNode = FALSE
	EndGlobalSection
	GlobalSection(MonoDevelopProperties) = preSolution
		StartupItem = Assembly-CSharp.csproj
	EndGlobalSection
EndGlobal
